
Microsoft Visual Studio Solution File, Format Version 12.00
# Visual Studio Version 16
VisualStudioVersion = 16.0.31702.278
MinimumVisualStudioVersion = 10.0.40219.1
Project("{FAE04EC0-301F-11D3-BF4B-00C04F79EFBC}") = "ThucHanh2", "ThucHanh2\ThucHanh2.csproj", "{280CBFEB-CFAD-4EF4-96B7-723F68F86736}"
EndProject
Global
	GlobalSection(SolutionConfigurationPlatforms) = preSolution
		Debug|Any CPU = Debug|Any CPU
		Release|Any CPU = Release|Any CPU
	EndGlobalSection
	GlobalSection(ProjectConfigurationPlatforms) = postSolution
		{280CBFEB-CFAD-4EF4-96B7-723F68F86736}.Debug|Any CPU.ActiveCfg = Debug|Any CPU
		{280CBFEB-CFAD-4EF4-96B7-723F68F86736}.Debug|Any CPU.Build.0 = Debug|Any CPU
		{280CBFEB-CFAD-4EF4-96B7-723F68F86736}.Release|Any CPU.ActiveCfg = Release|Any CPU
		{280CBFEB-CFAD-4EF4-96B7-723F68F86736}.Release|Any CPU.Build.0 = Release|Any CPU
	EndGlobalSection
	GlobalSection(SolutionProperties) = preSolution
		HideSolutionNode = FALSE
	EndGlobalSection
	GlobalSection(ExtensibilityGlobals) = postSolution
		SolutionGuid = {0BED1CBB-8FC7-4175-81A6-6AB45252A34D}
	EndGlobalSection
EndGlobal
